{
  "name": "webos",
  "version": "3.0.0",
  "lockfileVersion": 1,
  "requires": true,
  "dependencies": {
    "ws": {
      "version": "1.0.1",
      "resolved": "https://registry.npmjs.org/ws/-/ws-1.0.1.tgz",
      "integrity": "sha1-fQsqLljN3YGQOcKcneZQReGzEOk=",
      "requires": {
        "options": "0.0.6",
        "ultron": "1.0.2"
      },
      "dependencies": {
        "options": {
          "version": "0.0.6",
          "resolved": "https://registry.npmjs.org/options/-/options-0.0.6.tgz",
          "integrity": "sha1-7CLTEoBrtT5zF3Pnza788cZDEo8="
        },
        "ultron": {
          "version": "1.0.2",
          "resolved": "https://registry.npmjs.org/ultron/-/ultron-1.0.2.tgz",
          "integrity": "sha1-rOEWq1V80Zc4ak6I9GhTeMiy5Po="
        }
      }
    }
  }
}
